
Microsoft Visual Studio Solution File, Format Version 12.00
# Visual Studio 15
VisualStudioVersion = 15.0.28307.168
MinimumVisualStudioVersion = 10.0.40219.1
Project("{F184B08F-C81C-45F6-A57F-5ABD9991F28F}") = "Desafio_09", "Desafio_09\Desafio_09.vbproj", "{4FB2635A-F154-4BD8-B7ED-254733191BC5}"
EndProject
Global
	GlobalSection(SolutionConfigurationPlatforms) = preSolution
		Debug|Any CPU = Debug|Any CPU
		Release|Any CPU = Release|Any CPU
	EndGlobalSection
	GlobalSection(ProjectConfigurationPlatforms) = postSolution
		{4FB2635A-F154-4BD8-B7ED-254733191BC5}.Debug|Any CPU.ActiveCfg = Debug|Any CPU
		{4FB2635A-F154-4BD8-B7ED-254733191BC5}.Debug|Any CPU.Build.0 = Debug|Any CPU
		{4FB2635A-F154-4BD8-B7ED-254733191BC5}.Release|Any CPU.ActiveCfg = Release|Any CPU
		{4FB2635A-F154-4BD8-B7ED-254733191BC5}.Release|Any CPU.Build.0 = Release|Any CPU
	EndGlobalSection
	GlobalSection(SolutionProperties) = preSolution
		HideSolutionNode = FALSE
	EndGlobalSection
	GlobalSection(ExtensibilityGlobals) = postSolution
		SolutionGuid = {655CB1CB-CC5E-4F0E-B685-CC72D89C4C9C}
	EndGlobalSection
EndGlobal
